PODS:
  - boost-for-react-native (1.63.0)
  - DoubleConversion (1.1.6)
  - FBLazyVector (0.62.2-1)
  - FBReactNativeSpec (0.62.2-1):
    - Folly (= 2018.10.22.00)
    - RCTRequired (= 0.62.2-1)
    - RCTTypeSafety (= 0.62.2-1)
    - React-Core (= 0.62.2-1)
    - React-jsi (= 0.62.2-1)
    - ReactCommon/turbomodule/core (= 0.62.2-1)
  - Folly (2018.10.22.00):
    - boost-for-react-native
    - DoubleConversion
    - Folly/Default (= 2018.10.22.00)
    - glog
  - Folly/Default (2018.10.22.00):
    - boost-for-react-native
    - DoubleConversion
    - glog
  - glog (0.3.5)
  - RCTRequired (0.62.2-1)
  - RCTTypeSafety (0.62.2-1):
    - FBLazyVector (= 0.62.2-1)
    - Folly (= 2018.10.22.00)
    - RCTRequired (= 0.62.2-1)
    - React-Core (= 0.62.2-1)
  - React (0.62.2-1):
    - React-Core (= 0.62.2-1)
    - React-Core/DevSupport (= 0.62.2-1)
    - React-Core/RCTWebSocket (= 0.62.2-1)
    - React-RCTAnimation (= 0.62.2-1)
    - React-RCTBlob (= 0.62.2-1)
    - React-RCTImage (= 0.62.2-1)
    - React-RCTLinking (= 0.62.2-1)
    - React-RCTNetwork (= 0.62.2-1)
    - React-RCTSettings (= 0.62.2-1)
    - React-RCTText (= 0.62.2-1)
  - React-Core (0.62.2-1):
    - Folly (= 2018.10.22.00)
    - glog
    - React-Core/Default (= 0.62.2-1)
    - React-cxxreact (= 0.62.2-1)
    - React-jsi (= 0.62.2-1)
    - React-jsiexecutor (= 0.62.2-1)
    - Yoga
  - React-Core/CoreModulesHeaders (0.62.2-1):
    - Folly (= 2018.10.22.00)
    - glog
    - React-Core/Default
    - React-cxxreact (= 0.62.2-1)
    - React-jsi (= 0.62.2-1)
    - React-jsiexecutor (= 0.62.2-1)
    - Yoga
  - React-Core/Default (0.62.2-1):
    - Folly (= 2018.10.22.00)
    - glog
    - React-cxxreact (= 0.62.2-1)
    - React-jsi (= 0.62.2-1)
    - React-jsiexecutor (= 0.62.2-1)
    - Yoga
  - React-Core/DevSupport (0.62.2-1):
    - Folly (= 2018.10.22.00)
    - glog
    - React-Core/Default (= 0.62.2-1)
    - React-Core/RCTWebSocket (= 0.62.2-1)
    - React-cxxreact (= 0.62.2-1)
    - React-jsi (= 0.62.2-1)
    - React-jsiexecutor (= 0.62.2-1)
    - React-jsinspector (= 0.62.2-1)
    - Yoga
  - React-Core/RCTActionSheetHeaders (0.62.2-1):
    - Folly (= 2018.10.22.00)
    - glog
    - React-Core/Default
    - React-cxxreact (= 0.62.2-1)
    - React-jsi (= 0.62.2-1)
    - React-jsiexecutor (= 0.62.2-1)
    - Yoga
  - React-Core/RCTAnimationHeaders (0.62.2-1):
    - Folly (= 2018.10.22.00)
    - glog
    - React-Core/Default
    - React-cxxreact (= 0.62.2-1)
    - React-jsi (= 0.62.2-1)
    - React-jsiexecutor (= 0.62.2-1)
    - Yoga
  - React-Core/RCTBlobHeaders (0.62.2-1):
    - Folly (= 2018.10.22.00)
    - glog
    - React-Core/Default
    - React-cxxreact (= 0.62.2-1)
    - React-jsi (= 0.62.2-1)
    - React-jsiexecutor (= 0.62.2-1)
    - Yoga
  - React-Core/RCTImageHeaders (0.62.2-1):
    - Folly (= 2018.10.22.00)
    - glog
    - React-Core/Default
    - React-cxxreact (= 0.62.2-1)
    - React-jsi (= 0.62.2-1)
    - React-jsiexecutor (= 0.62.2-1)
    - Yoga
  - React-Core/RCTLinkingHeaders (0.62.2-1):
    - Folly (= 2018.10.22.00)
    - glog
    - React-Core/Default
    - React-cxxreact (= 0.62.2-1)
    - React-jsi (= 0.62.2-1)
    - React-jsiexecutor (= 0.62.2-1)
    - Yoga
  - React-Core/RCTNetworkHeaders (0.62.2-1):
    - Folly (= 2018.10.22.00)
    - glog
    - React-Core/Default
    - React-cxxreact (= 0.62.2-1)
    - React-jsi (= 0.62.2-1)
    - React-jsiexecutor (= 0.62.2-1)
    - Yoga
  - React-Core/RCTSettingsHeaders (0.62.2-1):
    - Folly (= 2018.10.22.00)
    - glog
    - React-Core/Default
    - React-cxxreact (= 0.62.2-1)
    - React-jsi (= 0.62.2-1)
    - React-jsiexecutor (= 0.62.2-1)
    - Yoga
  - React-Core/RCTTextHeaders (0.62.2-1):
    - Folly (= 2018.10.22.00)
    - glog
    - React-Core/Default
    - React-cxxreact (= 0.62.2-1)
    - React-jsi (= 0.62.2-1)
    - React-jsiexecutor (= 0.62.2-1)
    - Yoga
  - React-Core/RCTVibrationHeaders (0.62.2-1):
    - Folly (= 2018.10.22.00)
    - glog
    - React-Core/Default
    - React-cxxreact (= 0.62.2-1)
    - React-jsi (= 0.62.2-1)
    - React-jsiexecutor (= 0.62.2-1)
    - Yoga
  - React-Core/RCTWebSocket (0.62.2-1):
    - Folly (= 2018.10.22.00)
    - glog
    - React-Core/Default (= 0.62.2-1)
    - React-cxxreact (= 0.62.2-1)
    - React-jsi (= 0.62.2-1)
    - React-jsiexecutor (= 0.62.2-1)
    - Yoga
  - React-CoreModules (0.62.2-1):
    - FBReactNativeSpec (= 0.62.2-1)
    - Folly (= 2018.10.22.00)
    - RCTTypeSafety (= 0.62.2-1)
    - React-Core/CoreModulesHeaders (= 0.62.2-1)
    - React-RCTImage (= 0.62.2-1)
    - ReactCommon/turbomodule/core (= 0.62.2-1)
  - React-cxxreact (0.62.2-1):
    - boost-for-react-native (= 1.63.0)
    - DoubleConversion
    - Folly (= 2018.10.22.00)
    - glog
    - React-jsinspector (= 0.62.2-1)
  - React-jsi (0.62.2-1):
    - boost-for-react-native (= 1.63.0)
    - DoubleConversion
    - Folly (= 2018.10.22.00)
    - glog
    - React-jsi/Default (= 0.62.2-1)
  - React-jsi/Default (0.62.2-1):
    - boost-for-react-native (= 1.63.0)
    - DoubleConversion
    - Folly (= 2018.10.22.00)
    - glog
  - React-jsiexecutor (0.62.2-1):
    - DoubleConversion
    - Folly (= 2018.10.22.00)
    - glog
    - React-cxxreact (= 0.62.2-1)
    - React-jsi (= 0.62.2-1)
  - React-jsinspector (0.62.2-1)
  - react-native-video (3.2.1):
    - React
  - React-RCTActionSheet (0.62.2-1):
    - React-Core/RCTActionSheetHeaders (= 0.62.2-1)
  - React-RCTAnimation (0.62.2-1):
    - FBReactNativeSpec (= 0.62.2-1)
    - Folly (= 2018.10.22.00)
    - RCTTypeSafety (= 0.62.2-1)
    - React-Core/RCTAnimationHeaders (= 0.62.2-1)
    - ReactCommon/turbomodule/core (= 0.62.2-1)
  - React-RCTBlob (0.62.2-1):
    - FBReactNativeSpec (= 0.62.2-1)
    - Folly (= 2018.10.22.00)
    - React-Core/RCTBlobHeaders (= 0.62.2-1)
    - React-Core/RCTWebSocket (= 0.62.2-1)
    - React-jsi (= 0.62.2-1)
    - React-RCTNetwork (= 0.62.2-1)
    - ReactCommon/turbomodule/core (= 0.62.2-1)
  - React-RCTImage (0.62.2-1):
    - FBReactNativeSpec (= 0.62.2-1)
    - Folly (= 2018.10.22.00)
    - RCTTypeSafety (= 0.62.2-1)
    - React-Core/RCTImageHeaders (= 0.62.2-1)
    - React-RCTNetwork (= 0.62.2-1)
    - ReactCommon/turbomodule/core (= 0.62.2-1)
  - React-RCTLinking (0.62.2-1):
    - FBReactNativeSpec (= 0.62.2-1)
    - React-Core/RCTLinkingHeaders (= 0.62.2-1)
    - ReactCommon/turbomodule/core (= 0.62.2-1)
  - React-RCTNetwork (0.62.2-1):
    - FBReactNativeSpec (= 0.62.2-1)
    - Folly (= 2018.10.22.00)
    - RCTTypeSafety (= 0.62.2-1)
    - React-Core/RCTNetworkHeaders (= 0.62.2-1)
    - ReactCommon/turbomodule/core (= 0.62.2-1)
  - React-RCTSettings (0.62.2-1):
    - FBReactNativeSpec (= 0.62.2-1)
    - Folly (= 2018.10.22.00)
    - RCTTypeSafety (= 0.62.2-1)
    - React-Core/RCTSettingsHeaders (= 0.62.2-1)
    - ReactCommon/turbomodule/core (= 0.62.2-1)
  - React-RCTText (0.62.2-1):
    - React-Core/RCTTextHeaders (= 0.62.2-1)
  - React-RCTVibration (0.62.2-1):
    - FBReactNativeSpec (= 0.62.2-1)
    - Folly (= 2018.10.22.00)
    - React-Core/RCTVibrationHeaders (= 0.62.2-1)
    - ReactCommon/turbomodule/core (= 0.62.2-1)
  - ReactCommon/callinvoker (0.62.2-1):
    - DoubleConversion
    - Folly (= 2018.10.22.00)
    - glog
    - React-cxxreact (= 0.62.2-1)
  - ReactCommon/turbomodule/core (0.62.2-1):
    - DoubleConversion
    - Folly (= 2018.10.22.00)
    - glog
    - React-Core (= 0.62.2-1)
    - React-cxxreact (= 0.62.2-1)
    - React-jsi (= 0.62.2-1)
    - ReactCommon/callinvoker (= 0.62.2-1)
  - RNSound (0.10.12):
    - React-Core
    - RNSound/Core (= 0.10.12)
  - RNSound/Core (0.10.12):
    - React-Core
  - RNSVG (7.2.1):
    - React
  - RNTVOSController (0.2.2):
    - React-Core
    - RNTVOSController/Default (= 0.2.2)
  - RNTVOSController/Default (0.2.2):
    - React-Core
  - Yoga (1.14.0)

DEPENDENCIES:
  - DoubleConversion (from `../node_modules/react-native/third-party-podspecs/DoubleConversion.podspec`)
  - FBLazyVector (from `../node_modules/react-native/Libraries/FBLazyVector`)
  - FBReactNativeSpec (from `../node_modules/react-native/Libraries/FBReactNativeSpec`)
  - Folly (from `../node_modules/react-native/third-party-podspecs/Folly.podspec`)
  - glog (from `../node_modules/react-native/third-party-podspecs/glog.podspec`)
  - RCTRequired (from `../node_modules/react-native/Libraries/RCTRequired`)
  - RCTTypeSafety (from `../node_modules/react-native/Libraries/TypeSafety`)
  - React (from `../node_modules/react-native/`)
  - React-Core (from `../node_modules/react-native/`)
  - React-Core/DevSupport (from `../node_modules/react-native/`)
  - React-Core/RCTWebSocket (from `../node_modules/react-native/`)
  - React-CoreModules (from `../node_modules/react-native/React/CoreModules`)
  - React-cxxreact (from `../node_modules/react-native/ReactCommon/cxxreact`)
  - React-jsi (from `../node_modules/react-native/ReactCommon/jsi`)
  - React-jsiexecutor (from `../node_modules/react-native/ReactCommon/jsiexecutor`)
  - React-jsinspector (from `../node_modules/react-native/ReactCommon/jsinspector`)
  - react-native-video (from `../node_modules/react-native-video`)
  - React-RCTActionSheet (from `../node_modules/react-native/Libraries/ActionSheetIOS`)
  - React-RCTAnimation (from `../node_modules/react-native/Libraries/NativeAnimation`)
  - React-RCTBlob (from `../node_modules/react-native/Libraries/Blob`)
  - React-RCTImage (from `../node_modules/react-native/Libraries/Image`)
  - React-RCTLinking (from `../node_modules/react-native/Libraries/LinkingIOS`)
  - React-RCTNetwork (from `../node_modules/react-native/Libraries/Network`)
  - React-RCTSettings (from `../node_modules/react-native/Libraries/Settings`)
  - React-RCTText (from `../node_modules/react-native/Libraries/Text`)
  - React-RCTVibration (from `../node_modules/react-native/Libraries/Vibration`)
  - ReactCommon/callinvoker (from `../node_modules/react-native/ReactCommon`)
  - ReactCommon/turbomodule/core (from `../node_modules/react-native/ReactCommon`)
  - RNSound (from `../node_modules/react-native-sound`)
  - RNSVG (from `../node_modules/react-native-svg`)
  - RNTVOSController (from `../node_modules/react-native-tvos-controller`)
  - Yoga (from `../node_modules/react-native/ReactCommon/yoga`)

SPEC REPOS:
  trunk:
    - boost-for-react-native

EXTERNAL SOURCES:
  DoubleConversion:
    :podspec: "../node_modules/react-native/third-party-podspecs/DoubleConversion.podspec"
  FBLazyVector:
    :path: "../node_modules/react-native/Libraries/FBLazyVector"
  FBReactNativeSpec:
    :path: "../node_modules/react-native/Libraries/FBReactNativeSpec"
  Folly:
    :podspec: "../node_modules/react-native/third-party-podspecs/Folly.podspec"
  glog:
    :podspec: "../node_modules/react-native/third-party-podspecs/glog.podspec"
  RCTRequired:
    :path: "../node_modules/react-native/Libraries/RCTRequired"
  RCTTypeSafety:
    :path: "../node_modules/react-native/Libraries/TypeSafety"
  React:
    :path: "../node_modules/react-native/"
  React-Core:
    :path: "../node_modules/react-native/"
  React-CoreModules:
    :path: "../node_modules/react-native/React/CoreModules"
  React-cxxreact:
    :path: "../node_modules/react-native/ReactCommon/cxxreact"
  React-jsi:
    :path: "../node_modules/react-native/ReactCommon/jsi"
  React-jsiexecutor:
    :path: "../node_modules/react-native/ReactCommon/jsiexecutor"
  React-jsinspector:
    :path: "../node_modules/react-native/ReactCommon/jsinspector"
  react-native-video:
    :path: "../node_modules/react-native-video"
  React-RCTActionSheet:
    :path: "../node_modules/react-native/Libraries/ActionSheetIOS"
  React-RCTAnimation:
    :path: "../node_modules/react-native/Libraries/NativeAnimation"
  React-RCTBlob:
    :path: "../node_modules/react-native/Libraries/Blob"
  React-RCTImage:
    :path: "../node_modules/react-native/Libraries/Image"
  React-RCTLinking:
    :path: "../node_modules/react-native/Libraries/LinkingIOS"
  React-RCTNetwork:
    :path: "../node_modules/react-native/Libraries/Network"
  React-RCTSettings:
    :path: "../node_modules/react-native/Libraries/Settings"
  React-RCTText:
    :path: "../node_modules/react-native/Libraries/Text"
  React-RCTVibration:
    :path: "../node_modules/react-native/Libraries/Vibration"
  ReactCommon:
    :path: "../node_modules/react-native/ReactCommon"
  RNSound:
    :path: "../node_modules/react-native-sound"
  RNSVG:
    :path: "../node_modules/react-native-svg"
  RNTVOSController:
    :path: "../node_modules/react-native-tvos-controller"
  Yoga:
    :path: "../node_modules/react-native/ReactCommon/yoga"

SPEC CHECKSUMS:
  boost-for-react-native: 39c7adb57c4e60d6c5479dd8623128eb5b3f0f2c
  DoubleConversion: 5805e889d232975c086db112ece9ed034df7a0b2
  FBLazyVector: e2cc15aec5d747fd460b1fb9392500a0c6b156a8
  FBReactNativeSpec: 442e9410acdb6d5fd3039a8d69b919491d82b656
  Folly: 30e7936e1c45c08d884aa59369ed951a8e68cf51
  glog: 1f3da668190260b06b429bb211bfbee5cd790c28
  RCTRequired: 6818fbb9c6a5037ad9a425507d232d378c6df3e9
  RCTTypeSafety: 87fcfb871a2be7165f1ae37a843180661c69a121
  React: f7a45969417936e978a2ef9feb46f45dc639994c
  React-Core: 7f5ebfb5068f30a6d374a4ac1498e0121a1e3bc2
  React-CoreModules: 8f22d59d16186051941377a3f3928172479e8025
  React-cxxreact: a2f366d4096f2a9cc4910bdae88b0b357c0c063f
  React-jsi: 1b5d4c05829ad16717a5209b089d5f0ac307b3a8
  React-jsiexecutor: 3f5385278edaf11ad4776a5c394a775d11ce5768
  React-jsinspector: 0f99b19414fdc9f1a6647850cfdc3dadc282d34a
  react-native-video: f53aaec69bdf607dc5250d0887b8c1f3be9e4b24
  React-RCTActionSheet: 99efa626caa4fdf05a7ca95aef9aa3e3bb452b35
  React-RCTAnimation: 10ac69444044110e5d8b9630017f8951046aefe2
  React-RCTBlob: be5528d7cc201930b21b34ebb5740693125a7e3e
  React-RCTImage: 260a358b446dec76e4f7dc76c4eb94680f97fa5d
  React-RCTLinking: faf98392095004672c950230f6de5ec35935815b
  React-RCTNetwork: 852d3aebf0279f57556ce485039a8371f03a017a
  React-RCTSettings: dc4af3ef70e7b5ae5e1ad85065d0df7b5f783d9e
  React-RCTText: b845ddd89e229cb19a7e6d840236fe69bf0972b9
  React-RCTVibration: 97fda638a191de488faf107027c5d1245a01cedc
  ReactCommon: 26ececc2c31221402669341f47ce4b7ff7f61203
  RNSound: 390b07971c19c6d74e99e0d9595cd9c26c4c004b
  RNSVG: 6c8e8c6f9e5a0caf910dd25aa6e4216045426e1d
  RNTVOSController: 1466c2ed9416dbff59800ae33f839f605383c2de
  Yoga: 8ee50e40e7052edf715813e7e6ad44a64d35223e

PODFILE CHECKSUM: fe00e2e0affcadd8d419437f0073ecb658540d47

COCOAPODS: 1.9.3
