PODS:
  - boost-for-react-native (1.63.0)
  - CocoaAsyncSocket (7.6.4)
  - CocoaLibEvent (1.0.0)
  - DoubleConversion (1.1.6)
  - FBLazyVector (0.62.2-0)
  - FBReactNativeSpec (0.62.2-0):
    - Folly (= 2018.10.22.00)
    - RCTRequired (= 0.62.2-0)
    - RCTTypeSafety (= 0.62.2-0)
    - React-Core (= 0.62.2-0)
    - React-jsi (= 0.62.2-0)
    - ReactCommon/turbomodule/core (= 0.62.2-0)
  - Flipper (0.30.2):
    - Flipper-Folly (= 2.1.1)
    - Flipper-RSocket (= 1.0.0)
  - Flipper-DoubleConversion (1.1.7)
  - Flipper-Folly (2.1.1):
    - boost-for-react-native
    - CocoaLibEvent (= 1.0.0)
    - Flipper-DoubleConversion (= 1.1.7)
    - Flipper-Glog (= 0.3.6)
    - OpenSSL-Universal (= 1.0.2.9)
  - Flipper-Glog (0.3.6)
  - Flipper-PeerTalk (0.0.4)
  - Flipper-RSocket (1.0.0):
    - Flipper-Folly (= 2.1.1)
  - FlipperKit (0.30.2):
    - FlipperKit/Core (= 0.30.2)
  - FlipperKit/Core (0.30.2):
    - Flipper (~> 0.30.2)
    - FlipperKit/CppBridge
    - FlipperKit/FBCxxFollyDynamicConvert
    - FlipperKit/FBDefines
    - FlipperKit/FKPortForwarding
  - FlipperKit/CppBridge (0.30.2):
    - Flipper (~> 0.30.2)
  - FlipperKit/FBCxxFollyDynamicConvert (0.30.2):
    - Flipper-Folly (~> 2.1)
  - FlipperKit/FBDefines (0.30.2)
  - FlipperKit/FKPortForwarding (0.30.2):
    - CocoaAsyncSocket (~> 7.6)
    - Flipper-PeerTalk (~> 0.0.4)
  - FlipperKit/FlipperKitHighlightOverlay (0.30.2)
  - FlipperKit/FlipperKitLayoutPlugin (0.30.2):
    - FlipperKit/Core
    - FlipperKit/FlipperKitHighlightOverlay
    - FlipperKit/FlipperKitLayoutTextSearchable
    - YogaKit (~> 1.18)
  - FlipperKit/FlipperKitLayoutTextSearchable (0.30.2)
  - FlipperKit/FlipperKitNetworkPlugin (0.30.2):
    - FlipperKit/Core
  - FlipperKit/FlipperKitReactPlugin (0.30.2):
    - FlipperKit/Core
  - FlipperKit/FlipperKitUserDefaultsPlugin (0.30.2):
    - FlipperKit/Core
  - FlipperKit/SKIOSNetworkPlugin (0.30.2):
    - FlipperKit/Core
    - FlipperKit/FlipperKitNetworkPlugin
  - Folly (2018.10.22.00):
    - boost-for-react-native
    - DoubleConversion
    - Folly/Default (= 2018.10.22.00)
    - glog
  - Folly/Default (2018.10.22.00):
    - boost-for-react-native
    - DoubleConversion
    - glog
  - glog (0.3.5)
  - OpenSSL-Universal (1.0.2.9):
    - OpenSSL-Universal/Static (= 1.0.2.9)
  - OpenSSL-Universal/Static (1.0.2.9)
  - RCTRequired (0.62.2-0)
  - RCTTypeSafety (0.62.2-0):
    - FBLazyVector (= 0.62.2-0)
    - Folly (= 2018.10.22.00)
    - RCTRequired (= 0.62.2-0)
    - React-Core (= 0.62.2-0)
  - React (0.62.2-0):
    - React-Core (= 0.62.2-0)
    - React-Core/DevSupport (= 0.62.2-0)
    - React-Core/RCTWebSocket (= 0.62.2-0)
    - React-RCTAnimation (= 0.62.2-0)
    - React-RCTBlob (= 0.62.2-0)
    - React-RCTImage (= 0.62.2-0)
    - React-RCTLinking (= 0.62.2-0)
    - React-RCTNetwork (= 0.62.2-0)
    - React-RCTSettings (= 0.62.2-0)
    - React-RCTText (= 0.62.2-0)
  - React-Core (0.62.2-0):
    - Folly (= 2018.10.22.00)
    - glog
    - React-Core/Default (= 0.62.2-0)
    - React-cxxreact (= 0.62.2-0)
    - React-jsi (= 0.62.2-0)
    - React-jsiexecutor (= 0.62.2-0)
    - Yoga
  - React-Core/CoreModulesHeaders (0.62.2-0):
    - Folly (= 2018.10.22.00)
    - glog
    - React-Core/Default
    - React-cxxreact (= 0.62.2-0)
    - React-jsi (= 0.62.2-0)
    - React-jsiexecutor (= 0.62.2-0)
    - Yoga
  - React-Core/Default (0.62.2-0):
    - Folly (= 2018.10.22.00)
    - glog
    - React-cxxreact (= 0.62.2-0)
    - React-jsi (= 0.62.2-0)
    - React-jsiexecutor (= 0.62.2-0)
    - Yoga
  - React-Core/DevSupport (0.62.2-0):
    - Folly (= 2018.10.22.00)
    - glog
    - React-Core/Default (= 0.62.2-0)
    - React-Core/RCTWebSocket (= 0.62.2-0)
    - React-cxxreact (= 0.62.2-0)
    - React-jsi (= 0.62.2-0)
    - React-jsiexecutor (= 0.62.2-0)
    - React-jsinspector (= 0.62.2-0)
    - Yoga
  - React-Core/RCTActionSheetHeaders (0.62.2-0):
    - Folly (= 2018.10.22.00)
    - glog
    - React-Core/Default
    - React-cxxreact (= 0.62.2-0)
    - React-jsi (= 0.62.2-0)
    - React-jsiexecutor (= 0.62.2-0)
    - Yoga
  - React-Core/RCTAnimationHeaders (0.62.2-0):
    - Folly (= 2018.10.22.00)
    - glog
    - React-Core/Default
    - React-cxxreact (= 0.62.2-0)
    - React-jsi (= 0.62.2-0)
    - React-jsiexecutor (= 0.62.2-0)
    - Yoga
  - React-Core/RCTBlobHeaders (0.62.2-0):
    - Folly (= 2018.10.22.00)
    - glog
    - React-Core/Default
    - React-cxxreact (= 0.62.2-0)
    - React-jsi (= 0.62.2-0)
    - React-jsiexecutor (= 0.62.2-0)
    - Yoga
  - React-Core/RCTImageHeaders (0.62.2-0):
    - Folly (= 2018.10.22.00)
    - glog
    - React-Core/Default
    - React-cxxreact (= 0.62.2-0)
    - React-jsi (= 0.62.2-0)
    - React-jsiexecutor (= 0.62.2-0)
    - Yoga
  - React-Core/RCTLinkingHeaders (0.62.2-0):
    - Folly (= 2018.10.22.00)
    - glog
    - React-Core/Default
    - React-cxxreact (= 0.62.2-0)
    - React-jsi (= 0.62.2-0)
    - React-jsiexecutor (= 0.62.2-0)
    - Yoga
  - React-Core/RCTNetworkHeaders (0.62.2-0):
    - Folly (= 2018.10.22.00)
    - glog
    - React-Core/Default
    - React-cxxreact (= 0.62.2-0)
    - React-jsi (= 0.62.2-0)
    - React-jsiexecutor (= 0.62.2-0)
    - Yoga
  - React-Core/RCTSettingsHeaders (0.62.2-0):
    - Folly (= 2018.10.22.00)
    - glog
    - React-Core/Default
    - React-cxxreact (= 0.62.2-0)
    - React-jsi (= 0.62.2-0)
    - React-jsiexecutor (= 0.62.2-0)
    - Yoga
  - React-Core/RCTTextHeaders (0.62.2-0):
    - Folly (= 2018.10.22.00)
    - glog
    - React-Core/Default
    - React-cxxreact (= 0.62.2-0)
    - React-jsi (= 0.62.2-0)
    - React-jsiexecutor (= 0.62.2-0)
    - Yoga
  - React-Core/RCTVibrationHeaders (0.62.2-0):
    - Folly (= 2018.10.22.00)
    - glog
    - React-Core/Default
    - React-cxxreact (= 0.62.2-0)
    - React-jsi (= 0.62.2-0)
    - React-jsiexecutor (= 0.62.2-0)
    - Yoga
  - React-Core/RCTWebSocket (0.62.2-0):
    - Folly (= 2018.10.22.00)
    - glog
    - React-Core/Default (= 0.62.2-0)
    - React-cxxreact (= 0.62.2-0)
    - React-jsi (= 0.62.2-0)
    - React-jsiexecutor (= 0.62.2-0)
    - Yoga
  - React-CoreModules (0.62.2-0):
    - FBReactNativeSpec (= 0.62.2-0)
    - Folly (= 2018.10.22.00)
    - RCTTypeSafety (= 0.62.2-0)
    - React-Core/CoreModulesHeaders (= 0.62.2-0)
    - React-RCTImage (= 0.62.2-0)
    - ReactCommon/turbomodule/core (= 0.62.2-0)
  - React-cxxreact (0.62.2-0):
    - boost-for-react-native (= 1.63.0)
    - DoubleConversion
    - Folly (= 2018.10.22.00)
    - glog
    - React-jsinspector (= 0.62.2-0)
  - React-jsi (0.62.2-0):
    - boost-for-react-native (= 1.63.0)
    - DoubleConversion
    - Folly (= 2018.10.22.00)
    - glog
    - React-jsi/Default (= 0.62.2-0)
  - React-jsi/Default (0.62.2-0):
    - boost-for-react-native (= 1.63.0)
    - DoubleConversion
    - Folly (= 2018.10.22.00)
    - glog
  - React-jsiexecutor (0.62.2-0):
    - DoubleConversion
    - Folly (= 2018.10.22.00)
    - glog
    - React-cxxreact (= 0.62.2-0)
    - React-jsi (= 0.62.2-0)
  - React-jsinspector (0.62.2-0)
  - react-native-video (3.2.1):
    - React
  - React-RCTActionSheet (0.62.2-0):
    - React-Core/RCTActionSheetHeaders (= 0.62.2-0)
  - React-RCTAnimation (0.62.2-0):
    - FBReactNativeSpec (= 0.62.2-0)
    - Folly (= 2018.10.22.00)
    - RCTTypeSafety (= 0.62.2-0)
    - React-Core/RCTAnimationHeaders (= 0.62.2-0)
    - ReactCommon/turbomodule/core (= 0.62.2-0)
  - React-RCTBlob (0.62.2-0):
    - FBReactNativeSpec (= 0.62.2-0)
    - Folly (= 2018.10.22.00)
    - React-Core/RCTBlobHeaders (= 0.62.2-0)
    - React-Core/RCTWebSocket (= 0.62.2-0)
    - React-jsi (= 0.62.2-0)
    - React-RCTNetwork (= 0.62.2-0)
    - ReactCommon/turbomodule/core (= 0.62.2-0)
  - React-RCTImage (0.62.2-0):
    - FBReactNativeSpec (= 0.62.2-0)
    - Folly (= 2018.10.22.00)
    - RCTTypeSafety (= 0.62.2-0)
    - React-Core/RCTImageHeaders (= 0.62.2-0)
    - React-RCTNetwork (= 0.62.2-0)
    - ReactCommon/turbomodule/core (= 0.62.2-0)
  - React-RCTLinking (0.62.2-0):
    - FBReactNativeSpec (= 0.62.2-0)
    - React-Core/RCTLinkingHeaders (= 0.62.2-0)
    - ReactCommon/turbomodule/core (= 0.62.2-0)
  - React-RCTNetwork (0.62.2-0):
    - FBReactNativeSpec (= 0.62.2-0)
    - Folly (= 2018.10.22.00)
    - RCTTypeSafety (= 0.62.2-0)
    - React-Core/RCTNetworkHeaders (= 0.62.2-0)
    - ReactCommon/turbomodule/core (= 0.62.2-0)
  - React-RCTSettings (0.62.2-0):
    - FBReactNativeSpec (= 0.62.2-0)
    - Folly (= 2018.10.22.00)
    - RCTTypeSafety (= 0.62.2-0)
    - React-Core/RCTSettingsHeaders (= 0.62.2-0)
    - ReactCommon/turbomodule/core (= 0.62.2-0)
  - React-RCTText (0.62.2-0):
    - React-Core/RCTTextHeaders (= 0.62.2-0)
  - React-RCTVibration (0.62.2-0):
    - FBReactNativeSpec (= 0.62.2-0)
    - Folly (= 2018.10.22.00)
    - React-Core/RCTVibrationHeaders (= 0.62.2-0)
    - ReactCommon/turbomodule/core (= 0.62.2-0)
  - ReactCommon/callinvoker (0.62.2-0):
    - DoubleConversion
    - Folly (= 2018.10.22.00)
    - glog
    - React-cxxreact (= 0.62.2-0)
  - ReactCommon/turbomodule/core (0.62.2-0):
    - DoubleConversion
    - Folly (= 2018.10.22.00)
    - glog
    - React-Core (= 0.62.2-0)
    - React-cxxreact (= 0.62.2-0)
    - React-jsi (= 0.62.2-0)
    - ReactCommon/callinvoker (= 0.62.2-0)
  - RNSound (0.10.12):
    - React-Core
    - RNSound/Core (= 0.10.12)
  - RNSound/Core (0.10.12):
    - React-Core
  - RNSVG (7.2.1):
    - React
  - RNTVOSController (0.2.2):
    - React-Core
    - RNTVOSController/Default (= 0.2.2)
  - RNTVOSController/Default (0.2.2):
    - React-Core
  - Yoga (1.14.0)
  - YogaKit (1.18.1):
    - Yoga

DEPENDENCIES:
  - DoubleConversion (from `../node_modules/react-native/third-party-podspecs/DoubleConversion.podspec`)
  - FBLazyVector (from `../node_modules/react-native/Libraries/FBLazyVector`)
  - FBReactNativeSpec (from `../node_modules/react-native/Libraries/FBReactNativeSpec`)
  - Flipper (= 0.30.2)
  - Flipper-DoubleConversion (= 1.1.7)
  - Flipper-Folly (~> 2.1)
  - Flipper-Glog (= 0.3.6)
  - Flipper-PeerTalk (~> 0.0.4)
  - Flipper-RSocket (~> 1.0)
  - FlipperKit (= 0.30.2)
  - FlipperKit/Core (= 0.30.2)
  - FlipperKit/CppBridge (= 0.30.2)
  - FlipperKit/FBCxxFollyDynamicConvert (= 0.30.2)
  - FlipperKit/FBDefines (= 0.30.2)
  - FlipperKit/FKPortForwarding (= 0.30.2)
  - FlipperKit/FlipperKitHighlightOverlay (= 0.30.2)
  - FlipperKit/FlipperKitLayoutPlugin (= 0.30.2)
  - FlipperKit/FlipperKitLayoutTextSearchable (= 0.30.2)
  - FlipperKit/FlipperKitNetworkPlugin (= 0.30.2)
  - FlipperKit/FlipperKitReactPlugin (= 0.30.2)
  - FlipperKit/FlipperKitUserDefaultsPlugin (= 0.30.2)
  - FlipperKit/SKIOSNetworkPlugin (= 0.30.2)
  - Folly (from `../node_modules/react-native/third-party-podspecs/Folly.podspec`)
  - glog (from `../node_modules/react-native/third-party-podspecs/glog.podspec`)
  - RCTRequired (from `../node_modules/react-native/Libraries/RCTRequired`)
  - RCTTypeSafety (from `../node_modules/react-native/Libraries/TypeSafety`)
  - React (from `../node_modules/react-native/`)
  - React-Core (from `../node_modules/react-native/`)
  - React-Core/DevSupport (from `../node_modules/react-native/`)
  - React-Core/RCTWebSocket (from `../node_modules/react-native/`)
  - React-CoreModules (from `../node_modules/react-native/React/CoreModules`)
  - React-cxxreact (from `../node_modules/react-native/ReactCommon/cxxreact`)
  - React-jsi (from `../node_modules/react-native/ReactCommon/jsi`)
  - React-jsiexecutor (from `../node_modules/react-native/ReactCommon/jsiexecutor`)
  - React-jsinspector (from `../node_modules/react-native/ReactCommon/jsinspector`)
  - react-native-video (from `../node_modules/react-native-video`)
  - React-RCTActionSheet (from `../node_modules/react-native/Libraries/ActionSheetIOS`)
  - React-RCTAnimation (from `../node_modules/react-native/Libraries/NativeAnimation`)
  - React-RCTBlob (from `../node_modules/react-native/Libraries/Blob`)
  - React-RCTImage (from `../node_modules/react-native/Libraries/Image`)
  - React-RCTLinking (from `../node_modules/react-native/Libraries/LinkingIOS`)
  - React-RCTNetwork (from `../node_modules/react-native/Libraries/Network`)
  - React-RCTSettings (from `../node_modules/react-native/Libraries/Settings`)
  - React-RCTText (from `../node_modules/react-native/Libraries/Text`)
  - React-RCTVibration (from `../node_modules/react-native/Libraries/Vibration`)
  - ReactCommon/callinvoker (from `../node_modules/react-native/ReactCommon`)
  - ReactCommon/turbomodule/core (from `../node_modules/react-native/ReactCommon`)
  - RNSound (from `../node_modules/react-native-sound`)
  - RNSVG (from `../node_modules/react-native-svg`)
  - RNTVOSController (from `../node_modules/react-native-tvos-controller`)
  - Yoga (from `../node_modules/react-native/ReactCommon/yoga`)

SPEC REPOS:
  https://github.com/CocoaPods/Specs.git:
    - boost-for-react-native
    - CocoaAsyncSocket
  https://github.com/react-native-community/react-native-tvos-podspecs.git:
    - CocoaLibEvent
    - Flipper
    - Flipper-DoubleConversion
    - Flipper-Folly
    - Flipper-Glog
    - Flipper-PeerTalk
    - Flipper-RSocket
    - FlipperKit
    - OpenSSL-Universal
    - YogaKit

EXTERNAL SOURCES:
  DoubleConversion:
    :podspec: "../node_modules/react-native/third-party-podspecs/DoubleConversion.podspec"
  FBLazyVector:
    :path: "../node_modules/react-native/Libraries/FBLazyVector"
  FBReactNativeSpec:
    :path: "../node_modules/react-native/Libraries/FBReactNativeSpec"
  Folly:
    :podspec: "../node_modules/react-native/third-party-podspecs/Folly.podspec"
  glog:
    :podspec: "../node_modules/react-native/third-party-podspecs/glog.podspec"
  RCTRequired:
    :path: "../node_modules/react-native/Libraries/RCTRequired"
  RCTTypeSafety:
    :path: "../node_modules/react-native/Libraries/TypeSafety"
  React:
    :path: "../node_modules/react-native/"
  React-Core:
    :path: "../node_modules/react-native/"
  React-CoreModules:
    :path: "../node_modules/react-native/React/CoreModules"
  React-cxxreact:
    :path: "../node_modules/react-native/ReactCommon/cxxreact"
  React-jsi:
    :path: "../node_modules/react-native/ReactCommon/jsi"
  React-jsiexecutor:
    :path: "../node_modules/react-native/ReactCommon/jsiexecutor"
  React-jsinspector:
    :path: "../node_modules/react-native/ReactCommon/jsinspector"
  react-native-video:
    :path: "../node_modules/react-native-video"
  React-RCTActionSheet:
    :path: "../node_modules/react-native/Libraries/ActionSheetIOS"
  React-RCTAnimation:
    :path: "../node_modules/react-native/Libraries/NativeAnimation"
  React-RCTBlob:
    :path: "../node_modules/react-native/Libraries/Blob"
  React-RCTImage:
    :path: "../node_modules/react-native/Libraries/Image"
  React-RCTLinking:
    :path: "../node_modules/react-native/Libraries/LinkingIOS"
  React-RCTNetwork:
    :path: "../node_modules/react-native/Libraries/Network"
  React-RCTSettings:
    :path: "../node_modules/react-native/Libraries/Settings"
  React-RCTText:
    :path: "../node_modules/react-native/Libraries/Text"
  React-RCTVibration:
    :path: "../node_modules/react-native/Libraries/Vibration"
  ReactCommon:
    :path: "../node_modules/react-native/ReactCommon"
  RNSound:
    :path: "../node_modules/react-native-sound"
  RNSVG:
    :path: "../node_modules/react-native-svg"
  RNTVOSController:
    :path: "../node_modules/react-native-tvos-controller"
  Yoga:
    :path: "../node_modules/react-native/ReactCommon/yoga"

SPEC CHECKSUMS:
  boost-for-react-native: 39c7adb57c4e60d6c5479dd8623128eb5b3f0f2c
  CocoaAsyncSocket: 694058e7c0ed05a9e217d1b3c7ded962f4180845
  CocoaLibEvent: 80507925cc2857ace161e25ac1000745c145ac19
  DoubleConversion: 5805e889d232975c086db112ece9ed034df7a0b2
  FBLazyVector: 4b807f39fe540b3c6c463bf2c2a06061f8116976
  FBReactNativeSpec: 89412591bc63798fa9831e2886f50032b6b8da4e
  Flipper: b96fca3f1d3cfcb78df7d8eaed51ea9a71b69e92
  Flipper-DoubleConversion: 1349df2e033b72bffcb6e54db199cab53b9dcebd
  Flipper-Folly: abac1a67bc5390a09770454b9314af6c1a29ced8
  Flipper-Glog: 0b29817e93a3d49a47962c94b54f6a2cf90a7849
  Flipper-PeerTalk: c41cddbfcfa98abeebd9c8503eb94d204a145c01
  Flipper-RSocket: d4c7baf814323f8f0911559944b87bbbd3c63da4
  FlipperKit: 31028f4bd9b85b8f2a98aa4d7f169b394d009439
  Folly: 30e7936e1c45c08d884aa59369ed951a8e68cf51
  glog: 1f3da668190260b06b429bb211bfbee5cd790c28
  OpenSSL-Universal: 7cbe4bc3c032ace1c0ce897d6b5d58a3b9f6b8e2
  RCTRequired: 0fba962213efd60d69d2979b230ef07643e88942
  RCTTypeSafety: 975573b67a2f0b1a3dd9b7e0f8ac2e07924ba189
  React: e34b03503b9bf493be16cf9b4643f3c0a23e27ef
  React-Core: acc6f215479fc969da95f11760d473758e20880d
  React-CoreModules: 44ee90fdbea16e3ce02b952c81ab059ddc8a74c5
  React-cxxreact: 16e725ce7c5bfebf037e82644f177b6edd09003e
  React-jsi: 470c8bf5b53f87a4cb13614a1536b371b0aabfaa
  React-jsiexecutor: 7afe08fededb75be926060a1c6ca5f2403189a80
  React-jsinspector: 53ca541d6ca804a856c65e26728ca041b2d2ac41
  react-native-video: f53aaec69bdf607dc5250d0887b8c1f3be9e4b24
  React-RCTActionSheet: ed38e8910d33c1ecd6cb5ef292fea90d13874618
  React-RCTAnimation: 8a7c81cbdf581bbaff9bfe1ff1f69ed565892198
  React-RCTBlob: 76f8732a00509fd6c6d8484743650fae5c521b44
  React-RCTImage: 5e0ee532b9cdd7dab684207c9d77f8d63bb86b5c
  React-RCTLinking: dbfffad95234fb5d2d56d4c33efe250f6cbfcadd
  React-RCTNetwork: a30062a9f0aaf7e018a026736057805799dfaf1b
  React-RCTSettings: 4d658ed7d1b5c65968fe5b7cb74a3dbe82bfeaa9
  React-RCTText: 97c0632cf8e200ba4dfface2e22dd372142858f1
  React-RCTVibration: 9297dbae8760f1f536ef29e71bfcff23c121e1b9
  ReactCommon: 4520755b5a8921156f0bca32157da837640c2ae6
  RNSound: 390b07971c19c6d74e99e0d9595cd9c26c4c004b
  RNSVG: 6c8e8c6f9e5a0caf910dd25aa6e4216045426e1d
  RNTVOSController: 1466c2ed9416dbff59800ae33f839f605383c2de
  Yoga: 2b7639f79fddf5026153af56851b832318942330
  YogaKit: 1e22bf2228b3a5ac8cc88965153061ae92c494b5

PODFILE CHECKSUM: c0da07f9c80dbec11072469378058e638fd0c0f4

COCOAPODS: 1.8.4
